
Microsoft Visual Studio Solution File, Format Version 12.00
Project("{2150E333-8FDC-42A3-9474-1A3956D46DE8}") = "people", "people", "{42DD1A66-5E65-4F33-B88E-0AC28C3A45A4}"
EndProject
Project("{FAE04EC0-301F-11D3-BF4B-00C04F79EFBC}") = "Frydek.People.App", "Frydek.People.App\Frydek.People.App.csproj", "{4F0737CB-7BAC-4425-BBF2-5E74A8E1CE6F}"
EndProject
Project("{FAE04EC0-301F-11D3-BF4B-00C04F79EFBC}") = "Frydek.People.Application", "Frydek.People.Application\Frydek.People.Application.csproj", "{DA0E22A9-C270-4083-8EAF-99B80265B3B0}"
EndProject
Project("{FAE04EC0-301F-11D3-BF4B-00C04F79EFBC}") = "Frydek.People.Core", "Frydek.People.Core\Frydek.People.Core.csproj", "{E9AC346B-0583-4063-A051-B38A8CE21D76}"
EndProject
Project("{FAE04EC0-301F-11D3-BF4B-00C04F79EFBC}") = "Frydek.People.Infrastructure", "Frydek.People.Infrastructure\Frydek.People.Infrastructure.csproj", "{445C755C-B637-431D-BFB2-15D9FDA18C40}"
EndProject
Global
	GlobalSection(SolutionConfigurationPlatforms) = preSolution
		Debug|Any CPU = Debug|Any CPU
		Release|Any CPU = Release|Any CPU
	EndGlobalSection
	GlobalSection(NestedProjects) = preSolution
		{4F0737CB-7BAC-4425-BBF2-5E74A8E1CE6F} = {42DD1A66-5E65-4F33-B88E-0AC28C3A45A4}
		{DA0E22A9-C270-4083-8EAF-99B80265B3B0} = {42DD1A66-5E65-4F33-B88E-0AC28C3A45A4}
		{E9AC346B-0583-4063-A051-B38A8CE21D76} = {42DD1A66-5E65-4F33-B88E-0AC28C3A45A4}
		{445C755C-B637-431D-BFB2-15D9FDA18C40} = {42DD1A66-5E65-4F33-B88E-0AC28C3A45A4}
	EndGlobalSection
	GlobalSection(ProjectConfigurationPlatforms) = postSolution
		{4F0737CB-7BAC-4425-BBF2-5E74A8E1CE6F}.Debug|Any CPU.ActiveCfg = Debug|Any CPU
		{4F0737CB-7BAC-4425-BBF2-5E74A8E1CE6F}.Debug|Any CPU.Build.0 = Debug|Any CPU
		{4F0737CB-7BAC-4425-BBF2-5E74A8E1CE6F}.Release|Any CPU.ActiveCfg = Release|Any CPU
		{4F0737CB-7BAC-4425-BBF2-5E74A8E1CE6F}.Release|Any CPU.Build.0 = Release|Any CPU
		{DA0E22A9-C270-4083-8EAF-99B80265B3B0}.Debug|Any CPU.ActiveCfg = Debug|Any CPU
		{DA0E22A9-C270-4083-8EAF-99B80265B3B0}.Debug|Any CPU.Build.0 = Debug|Any CPU
		{DA0E22A9-C270-4083-8EAF-99B80265B3B0}.Release|Any CPU.ActiveCfg = Release|Any CPU
		{DA0E22A9-C270-4083-8EAF-99B80265B3B0}.Release|Any CPU.Build.0 = Release|Any CPU
		{E9AC346B-0583-4063-A051-B38A8CE21D76}.Debug|Any CPU.ActiveCfg = Debug|Any CPU
		{E9AC346B-0583-4063-A051-B38A8CE21D76}.Debug|Any CPU.Build.0 = Debug|Any CPU
		{E9AC346B-0583-4063-A051-B38A8CE21D76}.Release|Any CPU.ActiveCfg = Release|Any CPU
		{E9AC346B-0583-4063-A051-B38A8CE21D76}.Release|Any CPU.Build.0 = Release|Any CPU
		{445C755C-B637-431D-BFB2-15D9FDA18C40}.Debug|Any CPU.ActiveCfg = Debug|Any CPU
		{445C755C-B637-431D-BFB2-15D9FDA18C40}.Debug|Any CPU.Build.0 = Debug|Any CPU
		{445C755C-B637-431D-BFB2-15D9FDA18C40}.Release|Any CPU.ActiveCfg = Release|Any CPU
		{445C755C-B637-431D-BFB2-15D9FDA18C40}.Release|Any CPU.Build.0 = Release|Any CPU
	EndGlobalSection
EndGlobal
